
Microsoft Visual Studio Solution File, Format Version 12.00
# Visual Studio Version 17
VisualStudioVersion = 17.2.32630.192
MinimumVisualStudioVersion = 10.0.40219.1
Project("{9A19103F-16F7-4668-BE54-9A1E7A4F7556}") = "Scrabble", "Scrabble\Scrabble.csproj", "{ED1A8DA5-1EE5-465A-9A57-A173B58D46C2}"
EndProject
Project("{2150E333-8FDC-42A3-9474-1A3956D46DE8}") = "Solution Items", "Solution Items", "{804462BF-9897-4542-B73D-C7E352102740}"
	ProjectSection(SolutionItems) = preProject
		.editorconfig = .editorconfig
	EndProjectSection
EndProject
Global
	GlobalSection(SolutionConfigurationPlatforms) = preSolution
		Debug|Any CPU = Debug|Any CPU
		Debug|ARM32 = Debug|ARM32
		Debug|x64 = Debug|x64
		Release|Any CPU = Release|Any CPU
		Release|ARM32 = Release|ARM32
		Release|x64 = Release|x64
	EndGlobalSection
	GlobalSection(ProjectConfigurationPlatforms) = postSolution
		{ED1A8DA5-1EE5-465A-9A57-A173B58D46C2}.Debug|Any CPU.ActiveCfg = Debug|Any CPU
		{ED1A8DA5-1EE5-465A-9A57-A173B58D46C2}.Debug|Any CPU.Build.0 = Debug|Any CPU
		{ED1A8DA5-1EE5-465A-9A57-A173B58D46C2}.Debug|ARM32.ActiveCfg = Debug|ARM32
		{ED1A8DA5-1EE5-465A-9A57-A173B58D46C2}.Debug|ARM32.Build.0 = Debug|ARM32
		{ED1A8DA5-1EE5-465A-9A57-A173B58D46C2}.Debug|x64.ActiveCfg = Debug|x64
		{ED1A8DA5-1EE5-465A-9A57-A173B58D46C2}.Debug|x64.Build.0 = Debug|x64
		{ED1A8DA5-1EE5-465A-9A57-A173B58D46C2}.Release|Any CPU.ActiveCfg = Release|Any CPU
		{ED1A8DA5-1EE5-465A-9A57-A173B58D46C2}.Release|Any CPU.Build.0 = Release|Any CPU
		{ED1A8DA5-1EE5-465A-9A57-A173B58D46C2}.Release|ARM32.ActiveCfg = Release|ARM32
		{ED1A8DA5-1EE5-465A-9A57-A173B58D46C2}.Release|ARM32.Build.0 = Release|ARM32
		{ED1A8DA5-1EE5-465A-9A57-A173B58D46C2}.Release|x64.ActiveCfg = Release|x64
		{ED1A8DA5-1EE5-465A-9A57-A173B58D46C2}.Release|x64.Build.0 = Release|x64
	EndGlobalSection
	GlobalSection(SolutionProperties) = preSolution
		HideSolutionNode = FALSE
	EndGlobalSection
	GlobalSection(ExtensibilityGlobals) = postSolution
		SolutionGuid = {44AA4047-6728-4623-B112-E9EEEABB8B03}
	EndGlobalSection
EndGlobal
